// !$*UTF8*$!
{
	archiveVersion = 1;
	classes = {
	};
	objectVersion = 50;
	objects = {

/* Begin PBXBuildFile section */
		B581DCBB24E319BA00CDC0FF /* AppDelegate.swift in Sources */ = {isa = PBXBuildFile; fileRef = B581DCBA24E319BA00CDC0FF /* AppDelegate.swift */; };
		B581DCBD24E319BA00CDC0FF /* SceneDelegate.swift in Sources */ = {isa = PBXBuildFile; fileRef = B581DCBC24E319BA00CDC0FF /* SceneDelegate.swift */; };
		B581DCBF24E319BA00CDC0FF /* IntroductionViewController.swift in Sources */ = {isa = PBXBuildFile; fileRef = B581DCBE24E319BA00CDC0FF /* IntroductionViewController.swift */; };
		B581DCC224E319BA00CDC0FF /* Main.storyboard in Resources */ = {isa = PBXBuildFile; fileRef = B581DCC024E319BA00CDC0FF /* Main.storyboard */; };
		B581DCC424E319BB00CDC0FF /* Assets.xcassets in Resources */ = {isa = PBXBuildFile; fileRef = B581DCC324E319BB00CDC0FF /* Assets.xcassets */; };
		B581DCC724E319BB00CDC0FF /* LaunchScreen.storyboard in Resources */ = {isa = PBXBuildFile; fileRef = B581DCC524E319BB00CDC0FF /* LaunchScreen.storyboard */; };
		B581DCCF24E31F2A00CDC0FF /* QuestionViewController.swift in Sources */ = {isa = PBXBuildFile; fileRef = B581DCCE24E31F2A00CDC0FF /* QuestionViewController.swift */; };
		B581DCD124E31F4000CDC0FF /* ResultsViewController.swift in Sources */ = {isa = PBXBuildFile; fileRef = B581DCD024E31F4000CDC0FF /* ResultsViewController.swift */; };
/* End PBXBuildFile section */

/* Begin PBXFileReference section */
		B581DCB724E319B900CDC0FF /* PersonalityQuiz.app */ = {isa = PBXFileReference; explicitFileType = wrapper.application; includeInIndex = 0; path = PersonalityQuiz.app; sourceTree = BUILT_PRODUCTS_DIR; };
		B581DCBA24E319BA00CDC0FF /* AppDelegate.swift */ = {isa = PBXFileReference; lastKnownFileType = sourcecode.swift; path = AppDelegate.swift; sourceTree = "<group>"; };
		B581DCBC24E319BA00CDC0FF /* SceneDelegate.swift */ = {isa = PBXFileReference; lastKnownFileType = sourcecode.swift; path = SceneDelegate.swift; sourceTree = "<group>"; };
		B581DCBE24E319BA00CDC0FF /* IntroductionViewController.swift */ = {isa = PBXFileReference; lastKnownFileType = sourcecode.swift; path = IntroductionViewController.swift; sourceTree = "<group>"; };
		B581DCC124E319BA00CDC0FF /* Base */ = {isa = PBXFileReference; lastKnownFileType = file.storyboard; name = Base; path = Base.lproj/Main.storyboard; sourceTree = "<group>"; };
		B581DCC324E319BB00CDC0FF /* Assets.xcassets */ = {isa = PBXFileReference; lastKnownFileType = folder.assetcatalog; path = Assets.xcassets; sourceTree = "<group>"; };
		B581DCC624E319BB00CDC0FF /* Base */ = {isa = PBXFileReference; lastKnownFileType = file.storyboard; name = Base; path = Base.lproj/LaunchScreen.storyboard; sourceTree = "<group>"; };
		B581DCC824E319BB00CDC0FF /* Info.plist */ = {isa = PBXFileReference; lastKnownFileType = text.plist.xml; path = Info.plist; sourceTree = "<group>"; };
		B581DCCE24E31F2A00CDC0FF /* QuestionViewController.swift */ = {isa = PBXFileReference; lastKnownFileType = sourcecode.swift; path = QuestionViewController.swift; sourceTree = "<group>"; };
		B581DCD024E31F4000CDC0FF /* ResultsViewController.swift */ = {isa = PBXFileReference; lastKnownFileType = sourcecode.swift; path = ResultsViewController.swift; sourceTree = "<group>"; };
/* End PBXFileReference section */

/* Begin PBXFrameworksBuildPhase section */
		B581DCB424E319B900CDC0FF /* Frameworks */ = {
			isa = PBXFrameworksBuildPhase;
			buildActionMask = 2147483647;
			files = (
			);
			runOnlyForDeploymentPostprocessing = 0;
		};
/* End PBXFrameworksBuildPhase section */

/* Begin PBXGroup section */
		B581DCAE24E319B900CDC0FF = {
			isa = PBXGroup;
			children = (
				B581DCB924E319B900CDC0FF /* PersonalityQuiz */,
				B581DCB824E319B900CDC0FF /* Products */,
			);
			sourceTree = "<group>";
		};
		B581DCB824E319B900CDC0FF /* Products */ = {
			isa = PBXGroup;
			children = (
				B581DCB724E319B900CDC0FF /* PersonalityQuiz.app */,
			);
			name = Products;
			sourceTree = "<group>";
		};
		B581DCB924E319B900CDC0FF /* PersonalityQuiz */ = {
			isa = PBXGroup;
			children = (
				B581DCBA24E319BA00CDC0FF /* AppDelegate.swift */,
				B581DCBC24E319BA00CDC0FF /* SceneDelegate.swift */,
				B581DCBE24E319BA00CDC0FF /* IntroductionViewController.swift */,
				B581DCC024E319BA00CDC0FF /* Main.storyboard */,
				B581DCC324E319BB00CDC0FF /* Assets.xcassets */,
				B581DCC524E319BB00CDC0FF /* LaunchScreen.storyboard */,
				B581DCC824E319BB00CDC0FF /* Info.plist */,
				B581DCCE24E31F2A00CDC0FF /* QuestionViewController.swift */,
				B581DCD024E31F4000CDC0FF /* ResultsViewController.swift */,
			);
			path = PersonalityQuiz;
			sourceTree = "<group>";
		};
/* End PBXGroup section */

/* Begin PBXNativeTarget section */
		B581DCB624E319B900CDC0FF /* PersonalityQuiz */ = {
			isa = PBXNativeTarget;
			buildConfigurationList = B581DCCB24E319BB00CDC0FF /* Build configuration list for PBXNativeTarget "PersonalityQuiz" */;
			buildPhases = (
				B581DCB324E319B900CDC0FF /* Sources */,
				B581DCB424E319B900CDC0FF /* Frameworks */,
				B581DCB524E319B900CDC0FF /* Resources */,
			);
			buildRules = (
			);
			dependencies = (
			);
			name = PersonalityQuiz;
			productName = PersonalityQuiz;
			productReference = B581DCB724E319B900CDC0FF /* PersonalityQuiz.app */;
			productType = "com.apple.product-type.application";
		};
/* End PBXNativeTarget section */

/* Begin PBXProject section */
		B581DCAF24E319B900CDC0FF /* Project object */ = {
			isa = PBXProject;
			attributes = {
				LastSwiftUpdateCheck = 1160;
				LastUpgradeCheck = 1160;
				ORGANIZATIONNAME = "Jay Phillips";
				TargetAttributes = {
					B581DCB624E319B900CDC0FF = {
						CreatedOnToolsVersion = 11.6;
					};
				};
			};
			buildConfigurationList = B581DCB224E319B900CDC0FF /* Build configuration list for PBXProject "PersonalityQuiz" */;
			compatibilityVersion = "Xcode 9.3";
			developmentRegion = en;
			hasScannedForEncodings = 0;
			knownRegions = (
				en,
				Base,
			);
			mainGroup = B581DCAE24E319B900CDC0FF;
			productRefGroup = B581DCB824E319B900CDC0FF /* Products */;
			projectDirPath = "";
			projectRoot = "";
			targets = (
				B581DCB624E319B900CDC0FF /* PersonalityQuiz */,
			);
		};
/* End PBXProject section */

/* Begin PBXResourcesBuildPhase section */
		B581DCB524E319B900CDC0FF /* Resources */ = {
			isa = PBXResourcesBuildPhase;
			buildActionMask = 2147483647;
			files = (
				B581DCC724E319BB00CDC0FF /* LaunchScreen.storyboard in Resources */,
				B581DCC424E319BB00CDC0FF /* Assets.xcassets in Resources */,
				B581DCC224E319BA00CDC0FF /* Main.storyboard in Resources */,
			);
			runOnlyForDeploymentPostprocessing = 0;
		};
/* End PBXResourcesBuildPhase section */

/* Begin PBXSourcesBuildPhase section */
		B581DCB324E319B900CDC0FF /* Sources */ = {
			isa = PBXSourcesBuildPhase;
			buildActionMask = 2147483647;
			files = (
				B581DCBF24E319BA00CDC0FF /* IntroductionViewController.swift in Sources */,
				B581DCBB24E319BA00CDC0FF /* AppDelegate.swift in Sources */,
				B581DCCF24E31F2A00CDC0FF /* QuestionViewController.swift in Sources */,
				B581DCD124E31F4000CDC0FF /* ResultsViewController.swift in Sources */,
				B581DCBD24E319BA00CDC0FF /* SceneDelegate.swift in Sources */,
			);
			runOnlyForDeploymentPostprocessing = 0;
		};
/* End PBXSourcesBuildPhase section */

/* Begin PBXVariantGroup section */
		B581DCC024E319BA00CDC0FF /* Main.storyboard */ = {
			isa = PBXVariantGroup;
			children = (
				B581DCC124E319BA00CDC0FF /* Base */,
			);
			name = Main.storyboard;
			sourceTree = "<group>";
		};
		B581DCC524E319BB00CDC0FF /* LaunchScreen.storyboard */ = {
			isa = PBXVariantGroup;
			children = (
				B581DCC624E319BB00CDC0FF /* Base */,
			);
			name = LaunchScreen.storyboard;
			sourceTree = "<group>";
		};
/* End PBXVariantGroup section */

/* Begin XCBuildConfiguration section */
		B581DCC924E319BB00CDC0FF /* Debug */ = {
			isa = XCBuildConfiguration;
			buildSettings = {
				ALWAYS_SEARCH_USER_PATHS = NO;
				CLANG_ANALYZER_NONNULL = YES;
				CLANG_ANALYZER_NUMBER_OBJECT_CONVERSION = YES_AGGRESSIVE;
				CLANG_CXX_LANGUAGE_STANDARD = "gnu++14";
				CLANG_CXX_LIBRARY = "libc++";
				CLANG_ENABLE_MODULES = YES;
				CLANG_ENABLE_OBJC_ARC = YES;
				CLANG_ENABLE_OBJC_WEAK = YES;
				CLANG_WARN_BLOCK_CAPTURE_AUTORELEASING = YES;
				CLANG_WARN_BOOL_CONVERSION = YES;
				CLANG_WARN_COMMA = YES;
				CLANG_WARN_CONSTANT_CONVERSION = YES;
				CLANG_WARN_DEPRECATED_OBJC_IMPLEMENTATIONS = YES;
				CLANG_WARN_DIRECT_OBJC_ISA_USAGE = YES_ERROR;
				CLANG_WARN_DOCUMENTATION_COMMENTS = YES;
				CLANG_WARN_EMPTY_BODY = YES;
				CLANG_WARN_ENUM_CONVERSION = YES;
				CLANG_WARN_INFINITE_RECURSION = YES;
				CLANG_WARN_INT_CONVERSION = YES;
				CLANG_WARN_NON_LITERAL_NULL_CONVERSION = YES;
				CLANG_WARN_OBJC_IMPLICIT_RETAIN_SELF = YES;
				CLANG_WARN_OBJC_LITERAL_CONVERSION = YES;
				CLANG_WARN_OBJC_ROOT_CLASS = YES_ERROR;
				CLANG_WARN_RANGE_LOOP_ANALYSIS = YES;
				CLANG_WARN_STRICT_PROTOTYPES = YES;
				CLANG_WARN_SUSPICIOUS_MOVE = YES;
				CLANG_WARN_UNGUARDED_AVAILABILITY = YES_AGGRESSIVE;
				CLANG_WARN_UNREACHABLE_CODE = YES;
				CLANG_WARN__DUPLICATE_METHOD_MATCH = YES;
				COPY_PHASE_STRIP = NO;
				DEBUG_INFORMATION_FORMAT = dwarf;
				ENABLE_STRICT_OBJC_MSGSEND = YES;
				ENABLE_TESTABILITY = YES;
				GCC_C_LANGUAGE_STANDARD = gnu11;
				GCC_DYNAMIC_NO_PIC = NO;
				GCC_NO_COMMON_BLOCKS = YES;
				GCC_OPTIMIZATION_LEVEL = 0;
				GCC_PREPROCESSOR_DEFINITIONS = (
					"DEBUG=1",
					"$(inherited)",
				);
				GCC_WARN_64_TO_32_BIT_CONVERSION = YES;
				GCC_WARN_ABOUT_RETURN_TYPE = YES_ERROR;
				GCC_WARN_UNDECLARED_SELECTOR = YES;
				GCC_WARN_UNINITIALIZED_AUTOS = YES_AGGRESSIVE;
				GCC_WARN_UNUSED_FUNCTION = YES;
				GCC_WARN_UNUSED_VARIABLE = YES;
				IPHONEOS_DEPLOYMENT_TARGET = 13.6;
				MTL_ENABLE_DEBUG_INFO = INCLUDE_SOURCE;
				MTL_FAST_MATH = YES;
				ONLY_ACTIVE_ARCH = YES;
				SDKROOT = iphoneos;
				SWIFT_ACTIVE_COMPILATION_CONDITIONS = DEBUG;
				SWIFT_OPTIMIZATION_LEVEL = "-Onone";
			};
			name = Debug;
		};
		B581DCCA24E319BB00CDC0FF /* Release */ = {
			isa = XCBuildConfiguration;
			buildSettings = {
				ALWAYS_SEARCH_USER_PATHS = NO;
				CLANG_ANALYZER_NONNULL = YES;
				CLANG_ANALYZER_NUMBER_OBJECT_CONVERSION = YES_AGGRESSIVE;
				CLANG_CXX_LANGUAGE_STANDARD = "gnu++14";
				CLANG_CXX_LIBRARY = "libc++";
				CLANG_ENABLE_MODULES = YES;
				CLANG_ENABLE_OBJC_ARC = YES;
				CLANG_ENABLE_OBJC_WEAK = YES;
				CLANG_WARN_BLOCK_CAPTURE_AUTORELEASING = YES;
				CLANG_WARN_BOOL_CONVERSION = YES;
				CLANG_WARN_COMMA = YES;
				CLANG_WARN_CONSTANT_CONVERSION = YES;
				CLANG_WARN_DEPRECATED_OBJC_IMPLEMENTATIONS = YES;
				CLANG_WARN_DIRECT_OBJC_ISA_USAGE = YES_ERROR;
				CLANG_WARN_DOCUMENTATION_COMMENTS = YES;
				CLANG_WARN_EMPTY_BODY = YES;
				CLANG_WARN_ENUM_CONVERSION = YES;
				CLANG_WARN_INFINITE_RECURSION = YES;
				CLANG_WARN_INT_CONVERSION = YES;
				CLANG_WARN_NON_LITERAL_NULL_CONVERSION = YES;
				CLANG_WARN_OBJC_IMPLICIT_RETAIN_SELF = YES;
				CLANG_WARN_OBJC_LITERAL_CONVERSION = YES;
				CLANG_WARN_OBJC_ROOT_CLASS = YES_ERROR;
				CLANG_WARN_RANGE_LOOP_ANALYSIS = YES;
				CLANG_WARN_STRICT_PROTOTYPES = YES;
				CLANG_WARN_SUSPICIOUS_MOVE = YES;
				CLANG_WARN_UNGUARDED_AVAILABILITY = YES_AGGRESSIVE;
				CLANG_WARN_UNREACHABLE_CODE = YES;
				CLANG_WARN__DUPLICATE_METHOD_MATCH = YES;
				COPY_PHASE_STRIP = NO;
				DEBUG_INFORMATION_FORMAT = "dwarf-with-dsym";
				ENABLE_NS_ASSERTIONS = NO;
				ENABLE_STRICT_OBJC_MSGSEND = YES;
				GCC_C_LANGUAGE_STANDARD = gnu11;
				GCC_NO_COMMON_BLOCKS = YES;
				GCC_WARN_64_TO_32_BIT_CONVERSION = YES;
				GCC_WARN_ABOUT_RETURN_TYPE = YES_ERROR;
				GCC_WARN_UNDECLARED_SELECTOR = YES;
				GCC_WARN_UNINITIALIZED_AUTOS = YES_AGGRESSIVE;
				GCC_WARN_UNUSED_FUNCTION = YES;
				GCC_WARN_UNUSED_VARIABLE = YES;
				IPHONEOS_DEPLOYMENT_TARGET = 13.6;
				MTL_ENABLE_DEBUG_INFO = NO;
				MTL_FAST_MATH = YES;
				SDKROOT = iphoneos;
				SWIFT_COMPILATION_MODE = wholemodule;
				SWIFT_OPTIMIZATION_LEVEL = "-O";
				VALIDATE_PRODUCT = YES;
			};
			name = Release;
		};
		B581DCCC24E319BB00CDC0FF /* Debug */ = {
			isa = XCBuildConfiguration;
			buildSettings = {
				ASSETCATALOG_COMPILER_APPICON_NAME = AppIcon;
				CODE_SIGN_STYLE = Automatic;
				DEVELOPMENT_TEAM = 35D5MY3UD7;
				INFOPLIST_FILE = PersonalityQuiz/Info.plist;
				LD_RUNPATH_SEARCH_PATHS = (
					"$(inherited)",
					"@executable_path/Frameworks",
				);
				PRODUCT_BUNDLE_IDENTIFIER = net.devnasium.PersonalityQuiz;
				PRODUCT_NAME = "$(TARGET_NAME)";
				SWIFT_VERSION = 5.0;
				TARGETED_DEVICE_FAMILY = "1,2";
			};
			name = Debug;
		};
		B581DCCD24E319BB00CDC0FF /* Release */ = {
			isa = XCBuildConfiguration;
			buildSettings = {
				ASSETCATALOG_COMPILER_APPICON_NAME = AppIcon;
				CODE_SIGN_STYLE = Automatic;
				DEVELOPMENT_TEAM = 35D5MY3UD7;
				INFOPLIST_FILE = PersonalityQuiz/Info.plist;
				LD_RUNPATH_SEARCH_PATHS = (
					"$(inherited)",
					"@executable_path/Frameworks",
				);
				PRODUCT_BUNDLE_IDENTIFIER = net.devnasium.PersonalityQuiz;
				PRODUCT_NAME = "$(TARGET_NAME)";
				SWIFT_VERSION = 5.0;
				TARGETED_DEVICE_FAMILY = "1,2";
			};
			name = Release;
		};
/* End XCBuildConfiguration section */

/* Begin XCConfigurationList section */
		B581DCB224E319B900CDC0FF /* Build configuration list for PBXProject "PersonalityQuiz" */ = {
			isa = XCConfigurationList;
			buildConfigurations = (
				B581DCC924E319BB00CDC0FF /* Debug */,
				B581DCCA24E319BB00CDC0FF /* Release */,
			);
			defaultConfigurationIsVisible = 0;
			defaultConfigurationName = Release;
		};
		B581DCCB24E319BB00CDC0FF /* Build configuration list for PBXNativeTarget "PersonalityQuiz" */ = {
			isa = XCConfigurationList;
			buildConfigurations = (
				B581DCCC24E319BB00CDC0FF /* Debug */,
				B581DCCD24E319BB00CDC0FF /* Release */,
			);
			defaultConfigurationIsVisible = 0;
			defaultConfigurationName = Release;
		};
/* End XCConfigurationList section */
	};
	rootObject = B581DCAF24E319B900CDC0FF /* Project object */;
}
